
Microsoft Visual Studio Solution File, Format Version 12.00
Project("{FAE04EC0-301F-11D3-BF4B-00C04F79EFBC}") = "TDD String calculator kata", "TDD String calculator kata\TDD String calculator kata.csproj", "{3AB2F70D-546D-4464-8A33-C4020243F071}"
EndProject
Global
	GlobalSection(SolutionConfigurationPlatforms) = preSolution
		Debug|Any CPU = Debug|Any CPU
		Release|Any CPU = Release|Any CPU
	EndGlobalSection
	GlobalSection(ProjectConfigurationPlatforms) = postSolution
		{3AB2F70D-546D-4464-8A33-C4020243F071}.Debug|Any CPU.ActiveCfg = Debug|Any CPU
		{3AB2F70D-546D-4464-8A33-C4020243F071}.Debug|Any CPU.Build.0 = Debug|Any CPU
		{3AB2F70D-546D-4464-8A33-C4020243F071}.Release|Any CPU.ActiveCfg = Release|Any CPU
		{3AB2F70D-546D-4464-8A33-C4020243F071}.Release|Any CPU.Build.0 = Release|Any CPU
	EndGlobalSection
EndGlobal
